# Runtime and test/build tools.
anyio==4.15.1
build==1.6.1
certifi==2026.7.22
dnspython==2.8.0
h11==0.16.0
httpcore==1.0.9
httpx==0.28.1
idna==3.20
ImageHash==4.3.2
iniconfig==2.3.0
numpy==2.5.3
packaging==26.3
pillow==12.3.0
pluggy==1.6.0
Pygments==2.21.0
pymongo==4.18.2
pyproject_hooks==1.3.3
pytest==9.1.1
pytest-asyncio==1.4.0
python-dotenv==1.2.4
PyWavelets==1.10.0
ruff==0.16.9
scipy==1.18.1
typing_extensions==4.16.0
